
Microsoft Visual Studio Solution File, Format Version 12.00
# Visual Studio Version 17
VisualStudioVersion = 17.8.34525.116
MinimumVisualStudioVersion = 10.0.40219.1
Project("{9A19103F-16F7-4668-BE54-9A1E7A4F7556}") = "MasterThesisCode1", "MasterThesisCode1\MasterThesisCode1.csproj", "{056F9581-667B-495E-BD9C-C00C78E8F057}"
EndProject
Global
	GlobalSection(SolutionConfigurationPlatforms) = preSolution
		Debug|Any CPU = Debug|Any CPU
		Release|Any CPU = Release|Any CPU
	EndGlobalSection
	GlobalSection(ProjectConfigurationPlatforms) = postSolution
		{056F9581-667B-495E-BD9C-C00C78E8F057}.Debug|Any CPU.ActiveCfg = Debug|Any CPU
		{056F9581-667B-495E-BD9C-C00C78E8F057}.Debug|Any CPU.Build.0 = Debug|Any CPU
		{056F9581-667B-495E-BD9C-C00C78E8F057}.Release|Any CPU.ActiveCfg = Release|Any CPU
		{056F9581-667B-495E-BD9C-C00C78E8F057}.Release|Any CPU.Build.0 = Release|Any CPU
	EndGlobalSection
	GlobalSection(SolutionProperties) = preSolution
		HideSolutionNode = FALSE
	EndGlobalSection
	GlobalSection(ExtensibilityGlobals) = postSolution
		SolutionGuid = {C5AF9457-B89F-4DB3-9EB7-F233F6128B78}
	EndGlobalSection
EndGlobal
